
Microsoft Visual Studio Solution File, Format Version 12.00
# Visual Studio Version 16
VisualStudioVersion = 16.0.29403.142
MinimumVisualStudioVersion = 10.0.40219.1
Project("{FAE04EC0-301F-11D3-BF4B-00C04F79EFBC}") = "PDF-Protect", "PDF-Protect\PDF-Protect.csproj", "{62DDE9F4-A41B-42F8-AA89-9E9F25972EA4}"
EndProject
Project("{54435603-DBB4-11D2-8724-00A0C9A8B90C}") = "PDF-Protect-Installer", "PDF-Protect-Installer\PDF-Protect-Installer.vdproj", "{40F5BDF4-B04B-4956-83B0-B977ECC2BCCD}"
EndProject
Global
	GlobalSection(SolutionConfigurationPlatforms) = preSolution
		Debug|Any CPU = Debug|Any CPU
		Release|Any CPU = Release|Any CPU
	EndGlobalSection
	GlobalSection(ProjectConfigurationPlatforms) = postSolution
		{62DDE9F4-A41B-42F8-AA89-9E9F25972EA4}.Debug|Any CPU.ActiveCfg = Debug|Any CPU
		{62DDE9F4-A41B-42F8-AA89-9E9F25972EA4}.Debug|Any CPU.Build.0 = Debug|Any CPU
		{62DDE9F4-A41B-42F8-AA89-9E9F25972EA4}.Release|Any CPU.ActiveCfg = Release|Any CPU
		{62DDE9F4-A41B-42F8-AA89-9E9F25972EA4}.Release|Any CPU.Build.0 = Release|Any CPU
		{40F5BDF4-B04B-4956-83B0-B977ECC2BCCD}.Debug|Any CPU.ActiveCfg = Debug
		{40F5BDF4-B04B-4956-83B0-B977ECC2BCCD}.Release|Any CPU.ActiveCfg = Release
		{40F5BDF4-B04B-4956-83B0-B977ECC2BCCD}.Release|Any CPU.Build.0 = Release
	EndGlobalSection
	GlobalSection(SolutionProperties) = preSolution
		HideSolutionNode = FALSE
	EndGlobalSection
	GlobalSection(ExtensibilityGlobals) = postSolution
		SolutionGuid = {35F8CC1A-03D4-4830-9DE5-2A806960538F}
	EndGlobalSection
EndGlobal
